
Microsoft Visual Studio Solution File, Format Version 12.00
# Visual Studio Version 17
VisualStudioVersion = 17.13.35825.156
MinimumVisualStudioVersion = 10.0.40219.1
Project("{FAE04EC0-301F-11D3-BF4B-00C04F79EFBC}") = "Xadrez", "Xadrez\Xadrez.csproj", "{0E3C3D40-4560-436D-9FAF-8C4C3B804544}"
EndProject
Project("{FAE04EC0-301F-11D3-BF4B-00C04F79EFBC}") = "Xadrez.Client", "Xadrez.Client\Xadrez.Client.csproj", "{4DAC1F04-DDE9-48A7-A18A-097EE51B9652}"
EndProject
Global
	GlobalSection(SolutionConfigurationPlatforms) = preSolution
		Debug|Any CPU = Debug|Any CPU
		Release|Any CPU = Release|Any CPU
	EndGlobalSection
	GlobalSection(ProjectConfigurationPlatforms) = postSolution
		{0E3C3D40-4560-436D-9FAF-8C4C3B804544}.Debug|Any CPU.ActiveCfg = Debug|Any CPU
		{0E3C3D40-4560-436D-9FAF-8C4C3B804544}.Debug|Any CPU.Build.0 = Debug|Any CPU
		{0E3C3D40-4560-436D-9FAF-8C4C3B804544}.Release|Any CPU.ActiveCfg = Release|Any CPU
		{0E3C3D40-4560-436D-9FAF-8C4C3B804544}.Release|Any CPU.Build.0 = Release|Any CPU
		{4DAC1F04-DDE9-48A7-A18A-097EE51B9652}.Debug|Any CPU.ActiveCfg = Debug|Any CPU
		{4DAC1F04-DDE9-48A7-A18A-097EE51B9652}.Debug|Any CPU.Build.0 = Debug|Any CPU
		{4DAC1F04-DDE9-48A7-A18A-097EE51B9652}.Release|Any CPU.ActiveCfg = Release|Any CPU
		{4DAC1F04-DDE9-48A7-A18A-097EE51B9652}.Release|Any CPU.Build.0 = Release|Any CPU
	EndGlobalSection
	GlobalSection(SolutionProperties) = preSolution
		HideSolutionNode = FALSE
	EndGlobalSection
	GlobalSection(ExtensibilityGlobals) = postSolution
		SolutionGuid = {C3107E27-A608-42BF-B071-743A649F8910}
	EndGlobalSection
EndGlobal
